// !$*UTF8*$!
{
	archiveVersion = 1;
	classes = {
	};
	objectVersion = 77;
	objects = {

/* Begin PBXBuildFile section */
		AE1E2DAC2DE4B691005DE294 /* DownloadManager in Frameworks */ = {isa = PBXBuildFile; productRef = AE1E2DAB2DE4B691005DE294 /* DownloadManager */; };
/* End PBXBuildFile section */

/* Begin PBXContainerItemProxy section */
		AE1E2D8E2DE4B518005DE294 /* PBXContainerItemProxy */ = {
			isa = PBXContainerItemProxy;
			containerPortal = AE1E2D732DE4B514005DE294 /* Project object */;
			proxyType = 1;
			remoteGlobalIDString = AE1E2D7A2DE4B514005DE294;
			remoteInfo = DownloadManagerDemo;
		};
		AE1E2D982DE4B518005DE294 /* PBXContainerItemProxy */ = {
			isa = PBXContainerItemProxy;
			containerPortal = AE1E2D732DE4B514005DE294 /* Project object */;
			proxyType = 1;
			remoteGlobalIDString = AE1E2D7A2DE4B514005DE294;
			remoteInfo = DownloadManagerDemo;
		};
/* End PBXContainerItemProxy section */

/* Begin PBXFileReference section */
		AE1E2D7B2DE4B515005DE294 /* DownloadManagerDemo.app */ = {isa = PBXFileReference; explicitFileType = wrapper.application; includeInIndex = 0; path = DownloadManagerDemo.app; sourceTree = BUILT_PRODUCTS_DIR; };
		AE1E2D8D2DE4B518005DE294 /* DownloadManagerDemoTests.xctest */ = {isa = PBXFileReference; explicitFileType = wrapper.cfbundle; includeInIndex = 0; path = DownloadManagerDemoTests.xctest; sourceTree = BUILT_PRODUCTS_DIR; };
		AE1E2D972DE4B518005DE294 /* DownloadManagerDemoUITests.xctest */ = {isa = PBXFileReference; explicitFileType = wrapper.cfbundle; includeInIndex = 0; path = DownloadManagerDemoUITests.xctest; sourceTree = BUILT_PRODUCTS_DIR; };
		AE1E2DAF2DE569E2005DE294 /* Info.plist */ = {isa = PBXFileReference; lastKnownFileType = text.plist.xml; path = Info.plist; sourceTree = "<group>"; };
/* End PBXFileReference section */

/* Begin PBXFileSystemSynchronizedRootGroup section */
		AE1E2D7D2DE4B515005DE294 /* DownloadManagerDemo */ = {
			isa = PBXFileSystemSynchronizedRootGroup;
			path = DownloadManagerDemo;
			sourceTree = "<group>";
		};
		AE1E2D902DE4B518005DE294 /* DownloadManagerDemoTests */ = {
			isa = PBXFileSystemSynchronizedRootGroup;
			path = DownloadManagerDemoTests;
			sourceTree = "<group>";
		};
		AE1E2D9A2DE4B518005DE294 /* DownloadManagerDemoUITests */ = {
			isa = PBXFileSystemSynchronizedRootGroup;
			path = DownloadManagerDemoUITests;
			sourceTree = "<group>";
		};
/* End PBXFileSystemSynchronizedRootGroup section */

/* Begin PBXFrameworksBuildPhase section */
		AE1E2D782DE4B514005DE294 /* Frameworks */ = {
			isa = PBXFrameworksBuildPhase;
			buildActionMask = 2147483647;
			files = (
				AE1E2DAC2DE4B691005DE294 /* DownloadManager in Frameworks */,
			);
			runOnlyForDeploymentPostprocessing = 0;
		};
		AE1E2D8A2DE4B518005DE294 /* Frameworks */ = {
			isa = PBXFrameworksBuildPhase;
			buildActionMask = 2147483647;
			files = (
			);
			runOnlyForDeploymentPostprocessing = 0;
		};
		AE1E2D942DE4B518005DE294 /* Frameworks */ = {
			isa = PBXFrameworksBuildPhase;
			buildActionMask = 2147483647;
			files = (
			);
			runOnlyForDeploymentPostprocessing = 0;
		};
/* End PBXFrameworksBuildPhase section */

/* Begin PBXGroup section */
		AE1E2D722DE4B514005DE294 = {
			isa = PBXGroup;
			children = (
				AE1E2DAF2DE569E2005DE294 /* Info.plist */,
				AE1E2D7D2DE4B515005DE294 /* DownloadManagerDemo */,
				AE1E2D902DE4B518005DE294 /* DownloadManagerDemoTests */,
				AE1E2D9A2DE4B518005DE294 /* DownloadManagerDemoUITests */,
				AE1E2D7C2DE4B515005DE294 /* Products */,
			);
			sourceTree = "<group>";
		};
		AE1E2D7C2DE4B515005DE294 /* Products */ = {
			isa = PBXGroup;
			children = (
				AE1E2D7B2DE4B515005DE294 /* DownloadManagerDemo.app */,
				AE1E2D8D2DE4B518005DE294 /* DownloadManagerDemoTests.xctest */,
				AE1E2D972DE4B518005DE294 /* DownloadManagerDemoUITests.xctest */,
			);
			name = Products;
			sourceTree = "<group>";
		};
/* End PBXGroup section */

/* Begin PBXNativeTarget section */
		AE1E2D7A2DE4B514005DE294 /* DownloadManagerDemo */ = {
			isa = PBXNativeTarget;
			buildConfigurationList = AE1E2DA12DE4B518005DE294 /* Build configuration list for PBXNativeTarget "DownloadManagerDemo" */;
			buildPhases = (
				AE1E2D772DE4B514005DE294 /* Sources */,
				AE1E2D782DE4B514005DE294 /* Frameworks */,
				AE1E2D792DE4B514005DE294 /* Resources */,
			);
			buildRules = (
			);
			dependencies = (
			);
			fileSystemSynchronizedGroups = (
				AE1E2D7D2DE4B515005DE294 /* DownloadManagerDemo */,
			);
			name = DownloadManagerDemo;
			packageProductDependencies = (
				AE1E2DAB2DE4B691005DE294 /* DownloadManager */,
			);
			productName = DownloadManagerDemo;
			productReference = AE1E2D7B2DE4B515005DE294 /* DownloadManagerDemo.app */;
			productType = "com.apple.product-type.application";
		};
		AE1E2D8C2DE4B518005DE294 /* DownloadManagerDemoTests */ = {
			isa = PBXNativeTarget;
			buildConfigurationList = AE1E2DA42DE4B518005DE294 /* Build configuration list for PBXNativeTarget "DownloadManagerDemoTests" */;
			buildPhases = (
				AE1E2D892DE4B518005DE294 /* Sources */,
				AE1E2D8A2DE4B518005DE294 /* Frameworks */,
				AE1E2D8B2DE4B518005DE294 /* Resources */,
			);
			buildRules = (
			);
			dependencies = (
				AE1E2D8F2DE4B518005DE294 /* PBXTargetDependency */,
			);
			fileSystemSynchronizedGroups = (
				AE1E2D902DE4B518005DE294 /* DownloadManagerDemoTests */,
			);
			name = DownloadManagerDemoTests;
			packageProductDependencies = (
			);
			productName = DownloadManagerDemoTests;
			productReference = AE1E2D8D2DE4B518005DE294 /* DownloadManagerDemoTests.xctest */;
			productType = "com.apple.product-type.bundle.unit-test";
		};
		AE1E2D962DE4B518005DE294 /* DownloadManagerDemoUITests */ = {
			isa = PBXNativeTarget;
			buildConfigurationList = AE1E2DA72DE4B518005DE294 /* Build configuration list for PBXNativeTarget "DownloadManagerDemoUITests" */;
			buildPhases = (
				AE1E2D932DE4B518005DE294 /* Sources */,
				AE1E2D942DE4B518005DE294 /* Frameworks */,
				AE1E2D952DE4B518005DE294 /* Resources */,
			);
			buildRules = (
			);
			dependencies = (
				AE1E2D992DE4B518005DE294 /* PBXTargetDependency */,
			);
			fileSystemSynchronizedGroups = (
				AE1E2D9A2DE4B518005DE294 /* DownloadManagerDemoUITests */,
			);
			name = DownloadManagerDemoUITests;
			packageProductDependencies = (
			);
			productName = DownloadManagerDemoUITests;
			productReference = AE1E2D972DE4B518005DE294 /* DownloadManagerDemoUITests.xctest */;
			productType = "com.apple.product-type.bundle.ui-testing";
		};
/* End PBXNativeTarget section */

/* Begin PBXProject section */
		AE1E2D732DE4B514005DE294 /* Project object */ = {
			isa = PBXProject;
			attributes = {
				BuildIndependentTargetsInParallel = 1;
				LastSwiftUpdateCheck = 1620;
				LastUpgradeCheck = 1620;
				TargetAttributes = {
					AE1E2D7A2DE4B514005DE294 = {
						CreatedOnToolsVersion = 16.2;
					};
					AE1E2D8C2DE4B518005DE294 = {
						CreatedOnToolsVersion = 16.2;
						TestTargetID = AE1E2D7A2DE4B514005DE294;
					};
					AE1E2D962DE4B518005DE294 = {
						CreatedOnToolsVersion = 16.2;
						TestTargetID = AE1E2D7A2DE4B514005DE294;
					};
				};
			};
			buildConfigurationList = AE1E2D762DE4B514005DE294 /* Build configuration list for PBXProject "DownloadManagerDemo" */;
			developmentRegion = en;
			hasScannedForEncodings = 0;
			knownRegions = (
				en,
				Base,
			);
			mainGroup = AE1E2D722DE4B514005DE294;
			minimizedProjectReferenceProxies = 1;
			packageReferences = (
				AE1E2DAA2DE4B690005DE294 /* XCRemoteSwiftPackageReference "dowloadManager" */,
			);
			preferredProjectObjectVersion = 77;
			productRefGroup = AE1E2D7C2DE4B515005DE294 /* Products */;
			projectDirPath = "";
			projectRoot = "";
			targets = (
				AE1E2D7A2DE4B514005DE294 /* DownloadManagerDemo */,
				AE1E2D8C2DE4B518005DE294 /* DownloadManagerDemoTests */,
				AE1E2D962DE4B518005DE294 /* DownloadManagerDemoUITests */,
			);
		};
/* End PBXProject section */

/* Begin PBXResourcesBuildPhase section */
		AE1E2D792DE4B514005DE294 /* Resources */ = {
			isa = PBXResourcesBuildPhase;
			buildActionMask = 2147483647;
			files = (
			);
			runOnlyForDeploymentPostprocessing = 0;
		};
		AE1E2D8B2DE4B518005DE294 /* Resources */ = {
			isa = PBXResourcesBuildPhase;
			buildActionMask = 2147483647;
			files = (
			);
			runOnlyForDeploymentPostprocessing = 0;
		};
		AE1E2D952DE4B518005DE294 /* Resources */ = {
			isa = PBXResourcesBuildPhase;
			buildActionMask = 2147483647;
			files = (
			);
			runOnlyForDeploymentPostprocessing = 0;
		};
/* End PBXResourcesBuildPhase section */

/* Begin PBXSourcesBuildPhase section */
		AE1E2D772DE4B514005DE294 /* Sources */ = {
			isa = PBXSourcesBuildPhase;
			buildActionMask = 2147483647;
			files = (
			);
			runOnlyForDeploymentPostprocessing = 0;
		};
		AE1E2D892DE4B518005DE294 /* Sources */ = {
			isa = PBXSourcesBuildPhase;
			buildActionMask = 2147483647;
			files = (
			);
			runOnlyForDeploymentPostprocessing = 0;
		};
		AE1E2D932DE4B518005DE294 /* Sources */ = {
			isa = PBXSourcesBuildPhase;
			buildActionMask = 2147483647;
			files = (
			);
			runOnlyForDeploymentPostprocessing = 0;
		};
/* End PBXSourcesBuildPhase section */

/* Begin PBXTargetDependency section */
		AE1E2D8F2DE4B518005DE294 /* PBXTargetDependency */ = {
			isa = PBXTargetDependency;
			target = AE1E2D7A2DE4B514005DE294 /* DownloadManagerDemo */;
			targetProxy = AE1E2D8E2DE4B518005DE294 /* PBXContainerItemProxy */;
		};
		AE1E2D992DE4B518005DE294 /* PBXTargetDependency */ = {
			isa = PBXTargetDependency;
			target = AE1E2D7A2DE4B514005DE294 /* DownloadManagerDemo */;
			targetProxy = AE1E2D982DE4B518005DE294 /* PBXContainerItemProxy */;
		};
/* End PBXTargetDependency section */

/* Begin XCBuildConfiguration section */
		AE1E2D9F2DE4B518005DE294 /* Debug */ = {
			isa = XCBuildConfiguration;
			buildSettings = {
				ALWAYS_SEARCH_USER_PATHS = NO;
				ASSETCATALOG_COMPILER_GENERATE_SWIFT_ASSET_SYMBOL_EXTENSIONS = YES;
				CLANG_ANALYZER_NONNULL = YES;
				CLANG_ANALYZER_NUMBER_OBJECT_CONVERSION = YES_AGGRESSIVE;
				CLANG_CXX_LANGUAGE_STANDARD = "gnu++20";
				CLANG_ENABLE_MODULES = YES;
				CLANG_ENABLE_OBJC_ARC = YES;
				CLANG_ENABLE_OBJC_WEAK = YES;
				CLANG_WARN_BLOCK_CAPTURE_AUTORELEASING = YES;
				CLANG_WARN_BOOL_CONVERSION = YES;
				CLANG_WARN_COMMA = YES;
				CLANG_WARN_CONSTANT_CONVERSION = YES;
				CLANG_WARN_DEPRECATED_OBJC_IMPLEMENTATIONS = YES;
				CLANG_WARN_DIRECT_OBJC_ISA_USAGE = YES_ERROR;
				CLANG_WARN_DOCUMENTATION_COMMENTS = YES;
				CLANG_WARN_EMPTY_BODY = YES;
				CLANG_WARN_ENUM_CONVERSION = YES;
				CLANG_WARN_INFINITE_RECURSION = YES;
				CLANG_WARN_INT_CONVERSION = YES;
				CLANG_WARN_NON_LITERAL_NULL_CONVERSION = YES;
				CLANG_WARN_OBJC_IMPLICIT_RETAIN_SELF = YES;
				CLANG_WARN_OBJC_LITERAL_CONVERSION = YES;
				CLANG_WARN_OBJC_ROOT_CLASS = YES_ERROR;
				CLANG_WARN_QUOTED_INCLUDE_IN_FRAMEWORK_HEADER = YES;
				CLANG_WARN_RANGE_LOOP_ANALYSIS = YES;
				CLANG_WARN_STRICT_PROTOTYPES = YES;
				CLANG_WARN_SUSPICIOUS_MOVE = YES;
				CLANG_WARN_UNGUARDED_AVAILABILITY = YES_AGGRESSIVE;
				CLANG_WARN_UNREACHABLE_CODE = YES;
				CLANG_WARN__DUPLICATE_METHOD_MATCH = YES;
				COPY_PHASE_STRIP = NO;
				DEBUG_INFORMATION_FORMAT = dwarf;
				ENABLE_STRICT_OBJC_MSGSEND = YES;
				ENABLE_TESTABILITY = YES;
				ENABLE_USER_SCRIPT_SANDBOXING = YES;
				GCC_C_LANGUAGE_STANDARD = gnu17;
				GCC_DYNAMIC_NO_PIC = NO;
				GCC_NO_COMMON_BLOCKS = YES;
				GCC_OPTIMIZATION_LEVEL = 0;
				GCC_PREPROCESSOR_DEFINITIONS = (
					"DEBUG=1",
					"$(inherited)",
				);
				GCC_WARN_64_TO_32_BIT_CONVERSION = YES;
				GCC_WARN_ABOUT_RETURN_TYPE = YES_ERROR;
				GCC_WARN_UNDECLARED_SELECTOR = YES;
				GCC_WARN_UNINITIALIZED_AUTOS = YES_AGGRESSIVE;
				GCC_WARN_UNUSED_FUNCTION = YES;
				GCC_WARN_UNUSED_VARIABLE = YES;
				IPHONEOS_DEPLOYMENT_TARGET = 18.2;
				LOCALIZATION_PREFERS_STRING_CATALOGS = YES;
				MTL_ENABLE_DEBUG_INFO = INCLUDE_SOURCE;
				MTL_FAST_MATH = YES;
				ONLY_ACTIVE_ARCH = YES;
				SDKROOT = iphoneos;
				SWIFT_ACTIVE_COMPILATION_CONDITIONS = "DEBUG $(inherited)";
				SWIFT_OPTIMIZATION_LEVEL = "-Onone";
			};
			name = Debug;
		};
		AE1E2DA02DE4B518005DE294 /* Release */ = {
			isa = XCBuildConfiguration;
			buildSettings = {
				ALWAYS_SEARCH_USER_PATHS = NO;
				ASSETCATALOG_COMPILER_GENERATE_SWIFT_ASSET_SYMBOL_EXTENSIONS = YES;
				CLANG_ANALYZER_NONNULL = YES;
				CLANG_ANALYZER_NUMBER_OBJECT_CONVERSION = YES_AGGRESSIVE;
				CLANG_CXX_LANGUAGE_STANDARD = "gnu++20";
				CLANG_ENABLE_MODULES = YES;
				CLANG_ENABLE_OBJC_ARC = YES;
				CLANG_ENABLE_OBJC_WEAK = YES;
				CLANG_WARN_BLOCK_CAPTURE_AUTORELEASING = YES;
				CLANG_WARN_BOOL_CONVERSION = YES;
				CLANG_WARN_COMMA = YES;
				CLANG_WARN_CONSTANT_CONVERSION = YES;
				CLANG_WARN_DEPRECATED_OBJC_IMPLEMENTATIONS = YES;
				CLANG_WARN_DIRECT_OBJC_ISA_USAGE = YES_ERROR;
				CLANG_WARN_DOCUMENTATION_COMMENTS = YES;
				CLANG_WARN_EMPTY_BODY = YES;
				CLANG_WARN_ENUM_CONVERSION = YES;
				CLANG_WARN_INFINITE_RECURSION = YES;
				CLANG_WARN_INT_CONVERSION = YES;
				CLANG_WARN_NON_LITERAL_NULL_CONVERSION = YES;
				CLANG_WARN_OBJC_IMPLICIT_RETAIN_SELF = YES;
				CLANG_WARN_OBJC_LITERAL_CONVERSION = YES;
				CLANG_WARN_OBJC_ROOT_CLASS = YES_ERROR;
				CLANG_WARN_QUOTED_INCLUDE_IN_FRAMEWORK_HEADER = YES;
				CLANG_WARN_RANGE_LOOP_ANALYSIS = YES;
				CLANG_WARN_STRICT_PROTOTYPES = YES;
				CLANG_WARN_SUSPICIOUS_MOVE = YES;
				CLANG_WARN_UNGUARDED_AVAILABILITY = YES_AGGRESSIVE;
				CLANG_WARN_UNREACHABLE_CODE = YES;
				CLANG_WARN__DUPLICATE_METHOD_MATCH = YES;
				COPY_PHASE_STRIP = NO;
				DEBUG_INFORMATION_FORMAT = "dwarf-with-dsym";
				ENABLE_NS_ASSERTIONS = NO;
				ENABLE_STRICT_OBJC_MSGSEND = YES;
				ENABLE_USER_SCRIPT_SANDBOXING = YES;
				GCC_C_LANGUAGE_STANDARD = gnu17;
				GCC_NO_COMMON_BLOCKS = YES;
				GCC_WARN_64_TO_32_BIT_CONVERSION = YES;
				GCC_WARN_ABOUT_RETURN_TYPE = YES_ERROR;
				GCC_WARN_UNDECLARED_SELECTOR = YES;
				GCC_WARN_UNINITIALIZED_AUTOS = YES_AGGRESSIVE;
				GCC_WARN_UNUSED_FUNCTION = YES;
				GCC_WARN_UNUSED_VARIABLE = YES;
				IPHONEOS_DEPLOYMENT_TARGET = 18.2;
				LOCALIZATION_PREFERS_STRING_CATALOGS = YES;
				MTL_ENABLE_DEBUG_INFO = NO;
				MTL_FAST_MATH = YES;
				SDKROOT = iphoneos;
				SWIFT_COMPILATION_MODE = wholemodule;
				VALIDATE_PRODUCT = YES;
			};
			name = Release;
		};
		AE1E2DA22DE4B518005DE294 /* Debug */ = {
			isa = XCBuildConfiguration;
			buildSettings = {
				ASSETCATALOG_COMPILER_APPICON_NAME = AppIcon;
				ASSETCATALOG_COMPILER_GLOBAL_ACCENT_COLOR_NAME = AccentColor;
				CODE_SIGN_STYLE = Automatic;
				CURRENT_PROJECT_VERSION = 1;
				DEVELOPMENT_ASSET_PATHS = "\"DownloadManagerDemo/Preview Content\"";
				ENABLE_PREVIEWS = YES;
				GENERATE_INFOPLIST_FILE = YES;
				INFOPLIST_KEY_UIApplicationSceneManifest_Generation = YES;
				INFOPLIST_KEY_UIApplicationSupportsIndirectInputEvents = YES;
				INFOPLIST_KEY_UILaunchScreen_Generation = YES;
				INFOPLIST_KEY_UISupportedInterfaceOrientations_iPad = "UIInterfaceOrientationPortrait UIInterfaceOrientationPortraitUpsideDown UIInterfaceOrientationLandscapeLeft UIInterfaceOrientationLandscapeRight";
				INFOPLIST_KEY_UISupportedInterfaceOrientations_iPhone = "UIInterfaceOrientationPortrait UIInterfaceOrientationLandscapeLeft UIInterfaceOrientationLandscapeRight";
				LD_RUNPATH_SEARCH_PATHS = (
					"$(inherited)",
					"@executable_path/Frameworks",
				);
				MARKETING_VERSION = 1.0;
				PRODUCT_BUNDLE_IDENTIFIER = com.hkdownload.manager.DownloadManagerDemo;
				PRODUCT_NAME = "$(TARGET_NAME)";
				SWIFT_EMIT_LOC_STRINGS = YES;
				SWIFT_VERSION = 5.0;
				TARGETED_DEVICE_FAMILY = "1,2";
			};
			name = Debug;
		};
		AE1E2DA32DE4B518005DE294 /* Release */ = {
			isa = XCBuildConfiguration;
			buildSettings = {
				ASSETCATALOG_COMPILER_APPICON_NAME = AppIcon;
				ASSETCATALOG_COMPILER_GLOBAL_ACCENT_COLOR_NAME = AccentColor;
				CODE_SIGN_STYLE = Automatic;
				CURRENT_PROJECT_VERSION = 1;
				DEVELOPMENT_ASSET_PATHS = "\"DownloadManagerDemo/Preview Content\"";
				ENABLE_PREVIEWS = YES;
				GENERATE_INFOPLIST_FILE = YES;
				INFOPLIST_KEY_UIApplicationSceneManifest_Generation = YES;
				INFOPLIST_KEY_UIApplicationSupportsIndirectInputEvents = YES;
				INFOPLIST_KEY_UILaunchScreen_Generation = YES;
				INFOPLIST_KEY_UISupportedInterfaceOrientations_iPad = "UIInterfaceOrientationPortrait UIInterfaceOrientationPortraitUpsideDown UIInterfaceOrientationLandscapeLeft UIInterfaceOrientationLandscapeRight";
				INFOPLIST_KEY_UISupportedInterfaceOrientations_iPhone = "UIInterfaceOrientationPortrait UIInterfaceOrientationLandscapeLeft UIInterfaceOrientationLandscapeRight";
				LD_RUNPATH_SEARCH_PATHS = (
					"$(inherited)",
					"@executable_path/Frameworks",
				);
				MARKETING_VERSION = 1.0;
				PRODUCT_BUNDLE_IDENTIFIER = com.hkdownload.manager.DownloadManagerDemo;
				PRODUCT_NAME = "$(TARGET_NAME)";
				SWIFT_EMIT_LOC_STRINGS = YES;
				SWIFT_VERSION = 5.0;
				TARGETED_DEVICE_FAMILY = "1,2";
			};
			name = Release;
		};
		AE1E2DA52DE4B518005DE294 /* Debug */ = {
			isa = XCBuildConfiguration;
			buildSettings = {
				BUNDLE_LOADER = "$(TEST_HOST)";
				CODE_SIGN_STYLE = Automatic;
				CURRENT_PROJECT_VERSION = 1;
				GENERATE_INFOPLIST_FILE = YES;
				IPHONEOS_DEPLOYMENT_TARGET = 18.2;
				MARKETING_VERSION = 1.0;
				PRODUCT_BUNDLE_IDENTIFIER = com.hkdownload.manager.DownloadManagerDemoTests;
				PRODUCT_NAME = "$(TARGET_NAME)";
				SWIFT_EMIT_LOC_STRINGS = NO;
				SWIFT_VERSION = 5.0;
				TARGETED_DEVICE_FAMILY = "1,2";
				TEST_HOST = "$(BUILT_PRODUCTS_DIR)/DownloadManagerDemo.app/$(BUNDLE_EXECUTABLE_FOLDER_PATH)/DownloadManagerDemo";
			};
			name = Debug;
		};
		AE1E2DA62DE4B518005DE294 /* Release */ = {
			isa = XCBuildConfiguration;
			buildSettings = {
				BUNDLE_LOADER = "$(TEST_HOST)";
				CODE_SIGN_STYLE = Automatic;
				CURRENT_PROJECT_VERSION = 1;
				GENERATE_INFOPLIST_FILE = YES;
				IPHONEOS_DEPLOYMENT_TARGET = 18.2;
				MARKETING_VERSION = 1.0;
				PRODUCT_BUNDLE_IDENTIFIER = com.hkdownload.manager.DownloadManagerDemoTests;
				PRODUCT_NAME = "$(TARGET_NAME)";
				SWIFT_EMIT_LOC_STRINGS = NO;
				SWIFT_VERSION = 5.0;
				TARGETED_DEVICE_FAMILY = "1,2";
				TEST_HOST = "$(BUILT_PRODUCTS_DIR)/DownloadManagerDemo.app/$(BUNDLE_EXECUTABLE_FOLDER_PATH)/DownloadManagerDemo";
			};
			name = Release;
		};
		AE1E2DA82DE4B518005DE294 /* Debug */ = {
			isa = XCBuildConfiguration;
			buildSettings = {
				CODE_SIGN_STYLE = Automatic;
				CURRENT_PROJECT_VERSION = 1;
				GENERATE_INFOPLIST_FILE = YES;
				MARKETING_VERSION = 1.0;
				PRODUCT_BUNDLE_IDENTIFIER = com.hkdownload.manager.DownloadManagerDemoUITests;
				PRODUCT_NAME = "$(TARGET_NAME)";
				SWIFT_EMIT_LOC_STRINGS = NO;
				SWIFT_VERSION = 5.0;
				TARGETED_DEVICE_FAMILY = "1,2";
				TEST_TARGET_NAME = DownloadManagerDemo;
			};
			name = Debug;
		};
		AE1E2DA92DE4B518005DE294 /* Release */ = {
			isa = XCBuildConfiguration;
			buildSettings = {
				CODE_SIGN_STYLE = Automatic;
				CURRENT_PROJECT_VERSION = 1;
				GENERATE_INFOPLIST_FILE = YES;
				MARKETING_VERSION = 1.0;
				PRODUCT_BUNDLE_IDENTIFIER = com.hkdownload.manager.DownloadManagerDemoUITests;
				PRODUCT_NAME = "$(TARGET_NAME)";
				SWIFT_EMIT_LOC_STRINGS = NO;
				SWIFT_VERSION = 5.0;
				TARGETED_DEVICE_FAMILY = "1,2";
				TEST_TARGET_NAME = DownloadManagerDemo;
			};
			name = Release;
		};
/* End XCBuildConfiguration section */

/* Begin XCConfigurationList section */
		AE1E2D762DE4B514005DE294 /* Build configuration list for PBXProject "DownloadManagerDemo" */ = {
			isa = XCConfigurationList;
			buildConfigurations = (
				AE1E2D9F2DE4B518005DE294 /* Debug */,
				AE1E2DA02DE4B518005DE294 /* Release */,
			);
			defaultConfigurationIsVisible = 0;
			defaultConfigurationName = Release;
		};
		AE1E2DA12DE4B518005DE294 /* Build configuration list for PBXNativeTarget "DownloadManagerDemo" */ = {
			isa = XCConfigurationList;
			buildConfigurations = (
				AE1E2DA22DE4B518005DE294 /* Debug */,
				AE1E2DA32DE4B518005DE294 /* Release */,
			);
			defaultConfigurationIsVisible = 0;
			defaultConfigurationName = Release;
		};
		AE1E2DA42DE4B518005DE294 /* Build configuration list for PBXNativeTarget "DownloadManagerDemoTests" */ = {
			isa = XCConfigurationList;
			buildConfigurations = (
				AE1E2DA52DE4B518005DE294 /* Debug */,
				AE1E2DA62DE4B518005DE294 /* Release */,
			);
			defaultConfigurationIsVisible = 0;
			defaultConfigurationName = Release;
		};
		AE1E2DA72DE4B518005DE294 /* Build configuration list for PBXNativeTarget "DownloadManagerDemoUITests" */ = {
			isa = XCConfigurationList;
			buildConfigurations = (
				AE1E2DA82DE4B518005DE294 /* Debug */,
				AE1E2DA92DE4B518005DE294 /* Release */,
			);
			defaultConfigurationIsVisible = 0;
			defaultConfigurationName = Release;
		};
/* End XCConfigurationList section */

/* Begin XCRemoteSwiftPackageReference section */
		AE1E2DAA2DE4B690005DE294 /* XCRemoteSwiftPackageReference "dowloadManager" */ = {
			isa = XCRemoteSwiftPackageReference;
			repositoryURL = "https://github.com/Hkashif722/dowloadManager";
			requirement = {
				branch = main;
				kind = branch;
			};
		};
/* End XCRemoteSwiftPackageReference section */

/* Begin XCSwiftPackageProductDependency section */
		AE1E2DAB2DE4B691005DE294 /* DownloadManager */ = {
			isa = XCSwiftPackageProductDependency;
			package = AE1E2DAA2DE4B690005DE294 /* XCRemoteSwiftPackageReference "dowloadManager" */;
			productName = DownloadManager;
		};
/* End XCSwiftPackageProductDependency section */
	};
	rootObject = AE1E2D732DE4B514005DE294 /* Project object */;
}
