{
  "originHash" : "c572eca7739c574b0dfb25bfe15e043ff34f6d288622e220670872325124f6af",
  "pins" : [
    {
      "identity" : "dowloadmanager",
      "kind" : "localSourceControl",
      "location" : "/Users/kashifhussain/Desktop/DownloadPackageManeger/dowloadManager",
      "state" : {
        "branch" : "development",
        "revision" : "40f9edb25e2a0e8c0ab1fdb34601265f163b60fa"
      }
    }
  ],
  "version" : 3
}
